
Microsoft Visual Studio Solution File, Format Version 12.00
# Visual Studio Version 17
VisualStudioVersion = 17.14.36408.4
MinimumVisualStudioVersion = 10.0.40219.1
Project("{FAE04EC0-301F-11D3-BF4B-00C04F79EFBC}") = "EducacaoOnline.Core", "src\EducacaoOnline.Core\EducacaoOnline.Core.csproj", "{F39CD69D-F042-4727-91E1-42BE7E86F324}"
EndProject
Project("{FAE04EC0-301F-11D3-BF4B-00C04F79EFBC}") = "EducacaoOnline.Core.Tests", "tests\EducacaoOnline.Core.Tests\EducacaoOnline.Core.Tests.csproj", "{15F77DBD-1C5B-4BFB-9FE4-DA244FA775FC}"
EndProject
Project("{2150E333-8FDC-42A3-9474-1A3956D46DE8}") = "PagamentoFaturamento", "PagamentoFaturamento", "{02EA681E-C7D8-13C7-8484-4AC65E1B71E8}"
EndProject
Project("{2150E333-8FDC-42A3-9474-1A3956D46DE8}") = "Core", "Core", "{C19AAEC2-F30F-42C9-8A94-56C68097D459}"
EndProject
Project("{2150E333-8FDC-42A3-9474-1A3956D46DE8}") = "GestaoAlunos", "GestaoAlunos", "{317EFB3D-856F-4ED8-BC99-02F0D58FDBEF}"
EndProject
Project("{2150E333-8FDC-42A3-9474-1A3956D46DE8}") = "GestaoConteudo", "GestaoConteudo", "{BCF5B4FF-E73F-497D-8945-82D4D8869CB3}"
EndProject
Project("{FAE04EC0-301F-11D3-BF4B-00C04F79EFBC}") = "EducacaoOnline.Api", "src\EducacaoOnline.Api\EducacaoOnline.Api.csproj", "{117BCE9B-8093-4CC5-9C46-27AAA793EB0D}"
EndProject
Project("{FAE04EC0-301F-11D3-BF4B-00C04F79EFBC}") = "EducacaoOnline.Api.Tests", "tests\EducacaoOnline.Api.Tests\EducacaoOnline.Api.Tests.csproj", "{33226A75-21B4-4D28-9BA1-65DFC91A2C43}"
EndProject
Project("{2150E333-8FDC-42A3-9474-1A3956D46DE8}") = "Solution Items", "Solution Items", "{8EC462FD-D22E-90A8-E5CE-7E832BA40C5D}"
	ProjectSection(SolutionItems) = preProject
		CodeCoverage.runsettings = CodeCoverage.runsettings
	EndProjectSection
EndProject
Project("{FAE04EC0-301F-11D3-BF4B-00C04F79EFBC}") = "EducacaoOnline.GestaoConteudo.Data", "src\EducacaoOnline.GestaoConteudo.Data\EducacaoOnline.GestaoConteudo.Data.csproj", "{D54DC78F-04BD-433E-E23F-5DE7CC49F984}"
EndProject
Project("{FAE04EC0-301F-11D3-BF4B-00C04F79EFBC}") = "EducacaoOnline.GestaoConteudo.Domain", "src\EducacaoOnline.GestaoConteudo.Domain\EducacaoOnline.GestaoConteudo.Domain.csproj", "{E633318C-8C99-44DC-CC26-EAC0FFCF8373}"
EndProject
Project("{FAE04EC0-301F-11D3-BF4B-00C04F79EFBC}") = "EducacaoOnline.GestaoConteudo.Domain.Tests", "tests\EducacaoOnline.GestaoConteudo.Domain.Tests\EducacaoOnline.GestaoConteudo.Domain.Tests.csproj", "{6801A6F6-192E-FCED-2266-12B9FBB13A05}"
EndProject
Project("{FAE04EC0-301F-11D3-BF4B-00C04F79EFBC}") = "EducacaoOnline.GestaoAlunos.Domain", "src\EducacaoOnline.GestaoAlunos.Domain\EducacaoOnline.GestaoAlunos.Domain.csproj", "{9DE163B9-9CC3-913C-2A77-AA08114BAA87}"
EndProject
Project("{FAE04EC0-301F-11D3-BF4B-00C04F79EFBC}") = "EducacaoOnline.GestaoAlunos.Domain.Tests", "tests\EducacaoOnline.GestaoAlunos.Domain.Tests\EducacaoOnline.GestaoAlunos.Domain.Tests.csproj", "{5D28AB2F-4D26-B1B5-FF6A-6238152E100D}"
EndProject
Project("{FAE04EC0-301F-11D3-BF4B-00C04F79EFBC}") = "EducacaoOnline.PagamentoFaturamento.Application", "src\EducacaoOnline.PagamentoFaturamento.Application\EducacaoOnline.PagamentoFaturamento.Application.csproj", "{740D57DA-2882-5FE4-A273-2E12A72672CC}"
EndProject
Project("{FAE04EC0-301F-11D3-BF4B-00C04F79EFBC}") = "EducacaoOnline.PagamentoFaturamento.Application.Tests", "tests\EducacaoOnline.PagamentoFaturamento.Application.Tests\EducacaoOnline.PagamentoFaturamento.Application.Tests.csproj", "{81CDEF31-577E-9131-407D-84064F6DF677}"
EndProject
Project("{FAE04EC0-301F-11D3-BF4B-00C04F79EFBC}") = "EducacaoOnline.PagamentoFaturamento.Data", "src\EducacaoOnline.PagamentoFaturamento.Data\EducacaoOnline.PagamentoFaturamento.Data.csproj", "{B9B5E793-BF07-AFC2-7166-F896ECECDFA8}"
EndProject
Project("{FAE04EC0-301F-11D3-BF4B-00C04F79EFBC}") = "EducacaoOnline.PagamentoFaturamento.Domain", "src\EducacaoOnline.PagamentoFaturamento.Domain\EducacaoOnline.PagamentoFaturamento.Domain.csproj", "{A0E31788-B3C7-71CB-6A43-DC1EA6C08A51}"
EndProject
Project("{FAE04EC0-301F-11D3-BF4B-00C04F79EFBC}") = "EducacaoOnline.PagamentoFaturamento.Domain.Tests", "tests\EducacaoOnline.PagamentoFaturamento.Domain.Tests\EducacaoOnline.PagamentoFaturamento.Domain.Tests.csproj", "{FB890BA8-5EEF-644F-4FD0-21D2C8DA7148}"
EndProject
Project("{FAE04EC0-301F-11D3-BF4B-00C04F79EFBC}") = "EducacaoOnline.GestaoConteudo.Application", "src\EducacaoOnline.GestaoConteudo.Application\EducacaoOnline.GestaoConteudo.Application.csproj", "{A7712C66-E998-48FC-AAD1-E8B7AF7C1EC2}"
EndProject
Project("{FAE04EC0-301F-11D3-BF4B-00C04F79EFBC}") = "EducacaoOnline.GestaoAlunos.Data", "src\EducacaoOnline.GestaoAlunos.Data\EducacaoOnline.GestaoAlunos.Data.csproj", "{50247964-B4E5-42CA-AE96-C9107A08EE4E}"
EndProject
Global
	GlobalSection(SolutionConfigurationPlatforms) = preSolution
		Debug|Any CPU = Debug|Any CPU
		Release|Any CPU = Release|Any CPU
	EndGlobalSection
	GlobalSection(ProjectConfigurationPlatforms) = postSolution
		{F39CD69D-F042-4727-91E1-42BE7E86F324}.Debug|Any CPU.ActiveCfg = Debug|Any CPU
		{F39CD69D-F042-4727-91E1-42BE7E86F324}.Debug|Any CPU.Build.0 = Debug|Any CPU
		{F39CD69D-F042-4727-91E1-42BE7E86F324}.Release|Any CPU.ActiveCfg = Release|Any CPU
		{F39CD69D-F042-4727-91E1-42BE7E86F324}.Release|Any CPU.Build.0 = Release|Any CPU
		{15F77DBD-1C5B-4BFB-9FE4-DA244FA775FC}.Debug|Any CPU.ActiveCfg = Debug|Any CPU
		{15F77DBD-1C5B-4BFB-9FE4-DA244FA775FC}.Debug|Any CPU.Build.0 = Debug|Any CPU
		{15F77DBD-1C5B-4BFB-9FE4-DA244FA775FC}.Release|Any CPU.ActiveCfg = Release|Any CPU
		{15F77DBD-1C5B-4BFB-9FE4-DA244FA775FC}.Release|Any CPU.Build.0 = Release|Any CPU
		{117BCE9B-8093-4CC5-9C46-27AAA793EB0D}.Debug|Any CPU.ActiveCfg = Debug|Any CPU
		{117BCE9B-8093-4CC5-9C46-27AAA793EB0D}.Debug|Any CPU.Build.0 = Debug|Any CPU
		{117BCE9B-8093-4CC5-9C46-27AAA793EB0D}.Release|Any CPU.ActiveCfg = Release|Any CPU
		{117BCE9B-8093-4CC5-9C46-27AAA793EB0D}.Release|Any CPU.Build.0 = Release|Any CPU
		{33226A75-21B4-4D28-9BA1-65DFC91A2C43}.Debug|Any CPU.ActiveCfg = Debug|Any CPU
		{33226A75-21B4-4D28-9BA1-65DFC91A2C43}.Debug|Any CPU.Build.0 = Debug|Any CPU
		{33226A75-21B4-4D28-9BA1-65DFC91A2C43}.Release|Any CPU.ActiveCfg = Release|Any CPU
		{33226A75-21B4-4D28-9BA1-65DFC91A2C43}.Release|Any CPU.Build.0 = Release|Any CPU
		{D54DC78F-04BD-433E-E23F-5DE7CC49F984}.Debug|Any CPU.ActiveCfg = Debug|Any CPU
		{D54DC78F-04BD-433E-E23F-5DE7CC49F984}.Debug|Any CPU.Build.0 = Debug|Any CPU
		{D54DC78F-04BD-433E-E23F-5DE7CC49F984}.Release|Any CPU.ActiveCfg = Release|Any CPU
		{D54DC78F-04BD-433E-E23F-5DE7CC49F984}.Release|Any CPU.Build.0 = Release|Any CPU
		{E633318C-8C99-44DC-CC26-EAC0FFCF8373}.Debug|Any CPU.ActiveCfg = Debug|Any CPU
		{E633318C-8C99-44DC-CC26-EAC0FFCF8373}.Debug|Any CPU.Build.0 = Debug|Any CPU
		{E633318C-8C99-44DC-CC26-EAC0FFCF8373}.Release|Any CPU.ActiveCfg = Release|Any CPU
		{E633318C-8C99-44DC-CC26-EAC0FFCF8373}.Release|Any CPU.Build.0 = Release|Any CPU
		{6801A6F6-192E-FCED-2266-12B9FBB13A05}.Debug|Any CPU.ActiveCfg = Debug|Any CPU
		{6801A6F6-192E-FCED-2266-12B9FBB13A05}.Debug|Any CPU.Build.0 = Debug|Any CPU
		{6801A6F6-192E-FCED-2266-12B9FBB13A05}.Release|Any CPU.ActiveCfg = Release|Any CPU
		{6801A6F6-192E-FCED-2266-12B9FBB13A05}.Release|Any CPU.Build.0 = Release|Any CPU
		{9DE163B9-9CC3-913C-2A77-AA08114BAA87}.Debug|Any CPU.ActiveCfg = Debug|Any CPU
		{9DE163B9-9CC3-913C-2A77-AA08114BAA87}.Debug|Any CPU.Build.0 = Debug|Any CPU
		{9DE163B9-9CC3-913C-2A77-AA08114BAA87}.Release|Any CPU.ActiveCfg = Release|Any CPU
		{9DE163B9-9CC3-913C-2A77-AA08114BAA87}.Release|Any CPU.Build.0 = Release|Any CPU
		{5D28AB2F-4D26-B1B5-FF6A-6238152E100D}.Debug|Any CPU.ActiveCfg = Debug|Any CPU
		{5D28AB2F-4D26-B1B5-FF6A-6238152E100D}.Debug|Any CPU.Build.0 = Debug|Any CPU
		{5D28AB2F-4D26-B1B5-FF6A-6238152E100D}.Release|Any CPU.ActiveCfg = Release|Any CPU
		{5D28AB2F-4D26-B1B5-FF6A-6238152E100D}.Release|Any CPU.Build.0 = Release|Any CPU
		{740D57DA-2882-5FE4-A273-2E12A72672CC}.Debug|Any CPU.ActiveCfg = Debug|Any CPU
		{740D57DA-2882-5FE4-A273-2E12A72672CC}.Debug|Any CPU.Build.0 = Debug|Any CPU
		{740D57DA-2882-5FE4-A273-2E12A72672CC}.Release|Any CPU.ActiveCfg = Release|Any CPU
		{740D57DA-2882-5FE4-A273-2E12A72672CC}.Release|Any CPU.Build.0 = Release|Any CPU
		{81CDEF31-577E-9131-407D-84064F6DF677}.Debug|Any CPU.ActiveCfg = Debug|Any CPU
		{81CDEF31-577E-9131-407D-84064F6DF677}.Debug|Any CPU.Build.0 = Debug|Any CPU
		{81CDEF31-577E-9131-407D-84064F6DF677}.Release|Any CPU.ActiveCfg = Release|Any CPU
		{81CDEF31-577E-9131-407D-84064F6DF677}.Release|Any CPU.Build.0 = Release|Any CPU
		{B9B5E793-BF07-AFC2-7166-F896ECECDFA8}.Debug|Any CPU.ActiveCfg = Debug|Any CPU
		{B9B5E793-BF07-AFC2-7166-F896ECECDFA8}.Debug|Any CPU.Build.0 = Debug|Any CPU
		{B9B5E793-BF07-AFC2-7166-F896ECECDFA8}.Release|Any CPU.ActiveCfg = Release|Any CPU
		{B9B5E793-BF07-AFC2-7166-F896ECECDFA8}.Release|Any CPU.Build.0 = Release|Any CPU
		{A0E31788-B3C7-71CB-6A43-DC1EA6C08A51}.Debug|Any CPU.ActiveCfg = Debug|Any CPU
		{A0E31788-B3C7-71CB-6A43-DC1EA6C08A51}.Debug|Any CPU.Build.0 = Debug|Any CPU
		{A0E31788-B3C7-71CB-6A43-DC1EA6C08A51}.Release|Any CPU.ActiveCfg = Release|Any CPU
		{A0E31788-B3C7-71CB-6A43-DC1EA6C08A51}.Release|Any CPU.Build.0 = Release|Any CPU
		{FB890BA8-5EEF-644F-4FD0-21D2C8DA7148}.Debug|Any CPU.ActiveCfg = Debug|Any CPU
		{FB890BA8-5EEF-644F-4FD0-21D2C8DA7148}.Debug|Any CPU.Build.0 = Debug|Any CPU
		{FB890BA8-5EEF-644F-4FD0-21D2C8DA7148}.Release|Any CPU.ActiveCfg = Release|Any CPU
		{FB890BA8-5EEF-644F-4FD0-21D2C8DA7148}.Release|Any CPU.Build.0 = Release|Any CPU
		{A7712C66-E998-48FC-AAD1-E8B7AF7C1EC2}.Debug|Any CPU.ActiveCfg = Debug|Any CPU
		{A7712C66-E998-48FC-AAD1-E8B7AF7C1EC2}.Debug|Any CPU.Build.0 = Debug|Any CPU
		{A7712C66-E998-48FC-AAD1-E8B7AF7C1EC2}.Release|Any CPU.ActiveCfg = Release|Any CPU
		{A7712C66-E998-48FC-AAD1-E8B7AF7C1EC2}.Release|Any CPU.Build.0 = Release|Any CPU
		{50247964-B4E5-42CA-AE96-C9107A08EE4E}.Debug|Any CPU.ActiveCfg = Debug|Any CPU
		{50247964-B4E5-42CA-AE96-C9107A08EE4E}.Debug|Any CPU.Build.0 = Debug|Any CPU
		{50247964-B4E5-42CA-AE96-C9107A08EE4E}.Release|Any CPU.ActiveCfg = Release|Any CPU
		{50247964-B4E5-42CA-AE96-C9107A08EE4E}.Release|Any CPU.Build.0 = Release|Any CPU
	EndGlobalSection
	GlobalSection(SolutionProperties) = preSolution
		HideSolutionNode = FALSE
	EndGlobalSection
	GlobalSection(NestedProjects) = preSolution
		{F39CD69D-F042-4727-91E1-42BE7E86F324} = {C19AAEC2-F30F-42C9-8A94-56C68097D459}
		{15F77DBD-1C5B-4BFB-9FE4-DA244FA775FC} = {C19AAEC2-F30F-42C9-8A94-56C68097D459}
		{D54DC78F-04BD-433E-E23F-5DE7CC49F984} = {BCF5B4FF-E73F-497D-8945-82D4D8869CB3}
		{E633318C-8C99-44DC-CC26-EAC0FFCF8373} = {BCF5B4FF-E73F-497D-8945-82D4D8869CB3}
		{6801A6F6-192E-FCED-2266-12B9FBB13A05} = {BCF5B4FF-E73F-497D-8945-82D4D8869CB3}
		{9DE163B9-9CC3-913C-2A77-AA08114BAA87} = {317EFB3D-856F-4ED8-BC99-02F0D58FDBEF}
		{5D28AB2F-4D26-B1B5-FF6A-6238152E100D} = {317EFB3D-856F-4ED8-BC99-02F0D58FDBEF}
		{740D57DA-2882-5FE4-A273-2E12A72672CC} = {02EA681E-C7D8-13C7-8484-4AC65E1B71E8}
		{81CDEF31-577E-9131-407D-84064F6DF677} = {02EA681E-C7D8-13C7-8484-4AC65E1B71E8}
		{B9B5E793-BF07-AFC2-7166-F896ECECDFA8} = {02EA681E-C7D8-13C7-8484-4AC65E1B71E8}
		{A0E31788-B3C7-71CB-6A43-DC1EA6C08A51} = {02EA681E-C7D8-13C7-8484-4AC65E1B71E8}
		{FB890BA8-5EEF-644F-4FD0-21D2C8DA7148} = {02EA681E-C7D8-13C7-8484-4AC65E1B71E8}
		{A7712C66-E998-48FC-AAD1-E8B7AF7C1EC2} = {BCF5B4FF-E73F-497D-8945-82D4D8869CB3}
		{50247964-B4E5-42CA-AE96-C9107A08EE4E} = {317EFB3D-856F-4ED8-BC99-02F0D58FDBEF}
	EndGlobalSection
	GlobalSection(ExtensibilityGlobals) = postSolution
		SolutionGuid = {9809179B-A465-4527-8219-7BE38D81F592}
	EndGlobalSection
EndGlobal
