
Microsoft Visual Studio Solution File, Format Version 12.00
# Visual Studio Version 17
VisualStudioVersion = 17.14.36408.4
MinimumVisualStudioVersion = 10.0.40219.1
Project("{FAE04EC0-301F-11D3-BF4B-00C04F79EFBC}") = "EducacaoOnline.GestaoDeConteudo.Domain.Tests", "tests\EducacaoOnline.GestaoDeConteudo.Domain.Tests\EducacaoOnline.GestaoDeConteudo.Domain.Tests.csproj", "{198640D2-39BD-4D68-8AF7-1C392B2FECD7}"
EndProject
Project("{FAE04EC0-301F-11D3-BF4B-00C04F79EFBC}") = "EducacaoOnline.GestaoDeConteudo.Domain", "src\EducacaoOnline.GestaoDeConteudo.Domain\EducacaoOnline.GestaoDeConteudo.Domain.csproj", "{EABC3A7C-A90C-4A43-BE37-536AB0A1798F}"
EndProject
Project("{FAE04EC0-301F-11D3-BF4B-00C04F79EFBC}") = "EducacaoOnline.Core", "src\EducacaoOnline.Core\EducacaoOnline.Core.csproj", "{F39CD69D-F042-4727-91E1-42BE7E86F324}"
EndProject
Project("{FAE04EC0-301F-11D3-BF4B-00C04F79EFBC}") = "EducacaoOnline.GestaoDeAlunos.Domain", "src\EducacaoOnline.GestaoDeAlunos.Domain\EducacaoOnline.GestaoDeAlunos.Domain.csproj", "{EFC7F3AB-962A-42C3-A1A8-CB6C6506DA96}"
EndProject
Project("{FAE04EC0-301F-11D3-BF4B-00C04F79EFBC}") = "EducacaoOnline.GestaoDeAlunos.Domain.Tests", "tests\EducacaoOnline.GestaoDeAlunos.Domain.Tests\EducacaoOnline.GestaoDeAlunos.Domain.Tests.csproj", "{169EE781-A4CF-46C4-94B9-216F7F59FC2F}"
EndProject
Project("{FAE04EC0-301F-11D3-BF4B-00C04F79EFBC}") = "EducacaoOnline.PagamentoEFaturamento.Domain", "src\EducacaoOnline.PagamentoEFaturamento.Domain\EducacaoOnline.PagamentoEFaturamento.Domain.csproj", "{735F34B3-B126-42FC-A224-2D902ED53D4D}"
EndProject
Project("{FAE04EC0-301F-11D3-BF4B-00C04F79EFBC}") = "EducacaoOnline.PagamentoEFaturamento.Domain.Tests", "tests\EducacaoOnline.PagamentoEFaturamento.Domain.Tests\EducacaoOnline.PagamentoEFaturamento.Domain.Tests.csproj", "{C9699691-F5B9-4ED6-9119-3C46EBE2664F}"
EndProject
Project("{FAE04EC0-301F-11D3-BF4B-00C04F79EFBC}") = "EducacaoOnline.PagamentoEFaturamento.Application.Tests", "tests\EducacaoOnline.PagamentoEFaturamento.Application.Tests\EducacaoOnline.PagamentoEFaturamento.Application.Tests.csproj", "{C37704B5-7787-4506-8F56-51144F2F0682}"
EndProject
Project("{FAE04EC0-301F-11D3-BF4B-00C04F79EFBC}") = "EducacaoOnline.PagamentoEFaturamento.Application", "src\EducacaoOnline.PagamentoEFaturamento.Application\EducacaoOnline.PagamentoEFaturamento.Application.csproj", "{5958CC19-D04F-4E6A-9E5B-66DC5B9A446E}"
EndProject
Project("{FAE04EC0-301F-11D3-BF4B-00C04F79EFBC}") = "EducacaoOnline.PagamentoEFaturamento.Data", "src\EducacaoOnline.PagamentoEFaturamento.Data\EducacaoOnline.PagamentoEFaturamento.Data.csproj", "{403A1523-9DCA-4FC0-B5D3-C241EBD8004A}"
EndProject
Project("{FAE04EC0-301F-11D3-BF4B-00C04F79EFBC}") = "EducacaoOnline.Core.Tests", "tests\EducacaoOnline.Core.Tests\EducacaoOnline.Core.Tests.csproj", "{15F77DBD-1C5B-4BFB-9FE4-DA244FA775FC}"
EndProject
Project("{2150E333-8FDC-42A3-9474-1A3956D46DE8}") = "PagamentoEFaturamento", "PagamentoEFaturamento", "{02EA681E-C7D8-13C7-8484-4AC65E1B71E8}"
EndProject
Project("{2150E333-8FDC-42A3-9474-1A3956D46DE8}") = "Core", "Core", "{C19AAEC2-F30F-42C9-8A94-56C68097D459}"
EndProject
Project("{2150E333-8FDC-42A3-9474-1A3956D46DE8}") = "GestaoDeAlunos", "GestaoDeAlunos", "{317EFB3D-856F-4ED8-BC99-02F0D58FDBEF}"
EndProject
Project("{2150E333-8FDC-42A3-9474-1A3956D46DE8}") = "GestaoDeConteudo", "GestaoDeConteudo", "{BCF5B4FF-E73F-497D-8945-82D4D8869CB3}"
EndProject
Project("{FAE04EC0-301F-11D3-BF4B-00C04F79EFBC}") = "EducacaoOnline.Api", "src\EducacaoOnline.Api\EducacaoOnline.Api.csproj", "{117BCE9B-8093-4CC5-9C46-27AAA793EB0D}"
EndProject
Project("{FAE04EC0-301F-11D3-BF4B-00C04F79EFBC}") = "EducacaoOnline.Api.Tests", "tests\EducacaoOnline.Api.Tests\EducacaoOnline.Api.Tests.csproj", "{33226A75-21B4-4D28-9BA1-65DFC91A2C43}"
EndProject
Project("{2150E333-8FDC-42A3-9474-1A3956D46DE8}") = "Solution Items", "Solution Items", "{8EC462FD-D22E-90A8-E5CE-7E832BA40C5D}"
	ProjectSection(SolutionItems) = preProject
		CodeCoverage.runsettings = CodeCoverage.runsettings
	EndProjectSection
EndProject
Global
	GlobalSection(SolutionConfigurationPlatforms) = preSolution
		Debug|Any CPU = Debug|Any CPU
		Release|Any CPU = Release|Any CPU
	EndGlobalSection
	GlobalSection(ProjectConfigurationPlatforms) = postSolution
		{198640D2-39BD-4D68-8AF7-1C392B2FECD7}.Debug|Any CPU.ActiveCfg = Debug|Any CPU
		{198640D2-39BD-4D68-8AF7-1C392B2FECD7}.Debug|Any CPU.Build.0 = Debug|Any CPU
		{198640D2-39BD-4D68-8AF7-1C392B2FECD7}.Release|Any CPU.ActiveCfg = Release|Any CPU
		{198640D2-39BD-4D68-8AF7-1C392B2FECD7}.Release|Any CPU.Build.0 = Release|Any CPU
		{EABC3A7C-A90C-4A43-BE37-536AB0A1798F}.Debug|Any CPU.ActiveCfg = Debug|Any CPU
		{EABC3A7C-A90C-4A43-BE37-536AB0A1798F}.Debug|Any CPU.Build.0 = Debug|Any CPU
		{EABC3A7C-A90C-4A43-BE37-536AB0A1798F}.Release|Any CPU.ActiveCfg = Release|Any CPU
		{EABC3A7C-A90C-4A43-BE37-536AB0A1798F}.Release|Any CPU.Build.0 = Release|Any CPU
		{F39CD69D-F042-4727-91E1-42BE7E86F324}.Debug|Any CPU.ActiveCfg = Debug|Any CPU
		{F39CD69D-F042-4727-91E1-42BE7E86F324}.Debug|Any CPU.Build.0 = Debug|Any CPU
		{F39CD69D-F042-4727-91E1-42BE7E86F324}.Release|Any CPU.ActiveCfg = Release|Any CPU
		{F39CD69D-F042-4727-91E1-42BE7E86F324}.Release|Any CPU.Build.0 = Release|Any CPU
		{EFC7F3AB-962A-42C3-A1A8-CB6C6506DA96}.Debug|Any CPU.ActiveCfg = Debug|Any CPU
		{EFC7F3AB-962A-42C3-A1A8-CB6C6506DA96}.Debug|Any CPU.Build.0 = Debug|Any CPU
		{EFC7F3AB-962A-42C3-A1A8-CB6C6506DA96}.Release|Any CPU.ActiveCfg = Release|Any CPU
		{EFC7F3AB-962A-42C3-A1A8-CB6C6506DA96}.Release|Any CPU.Build.0 = Release|Any CPU
		{169EE781-A4CF-46C4-94B9-216F7F59FC2F}.Debug|Any CPU.ActiveCfg = Debug|Any CPU
		{169EE781-A4CF-46C4-94B9-216F7F59FC2F}.Debug|Any CPU.Build.0 = Debug|Any CPU
		{169EE781-A4CF-46C4-94B9-216F7F59FC2F}.Release|Any CPU.ActiveCfg = Release|Any CPU
		{169EE781-A4CF-46C4-94B9-216F7F59FC2F}.Release|Any CPU.Build.0 = Release|Any CPU
		{735F34B3-B126-42FC-A224-2D902ED53D4D}.Debug|Any CPU.ActiveCfg = Debug|Any CPU
		{735F34B3-B126-42FC-A224-2D902ED53D4D}.Debug|Any CPU.Build.0 = Debug|Any CPU
		{735F34B3-B126-42FC-A224-2D902ED53D4D}.Release|Any CPU.ActiveCfg = Release|Any CPU
		{735F34B3-B126-42FC-A224-2D902ED53D4D}.Release|Any CPU.Build.0 = Release|Any CPU
		{C9699691-F5B9-4ED6-9119-3C46EBE2664F}.Debug|Any CPU.ActiveCfg = Debug|Any CPU
		{C9699691-F5B9-4ED6-9119-3C46EBE2664F}.Debug|Any CPU.Build.0 = Debug|Any CPU
		{C9699691-F5B9-4ED6-9119-3C46EBE2664F}.Release|Any CPU.ActiveCfg = Release|Any CPU
		{C9699691-F5B9-4ED6-9119-3C46EBE2664F}.Release|Any CPU.Build.0 = Release|Any CPU
		{C37704B5-7787-4506-8F56-51144F2F0682}.Debug|Any CPU.ActiveCfg = Debug|Any CPU
		{C37704B5-7787-4506-8F56-51144F2F0682}.Debug|Any CPU.Build.0 = Debug|Any CPU
		{C37704B5-7787-4506-8F56-51144F2F0682}.Release|Any CPU.ActiveCfg = Release|Any CPU
		{C37704B5-7787-4506-8F56-51144F2F0682}.Release|Any CPU.Build.0 = Release|Any CPU
		{5958CC19-D04F-4E6A-9E5B-66DC5B9A446E}.Debug|Any CPU.ActiveCfg = Debug|Any CPU
		{5958CC19-D04F-4E6A-9E5B-66DC5B9A446E}.Debug|Any CPU.Build.0 = Debug|Any CPU
		{5958CC19-D04F-4E6A-9E5B-66DC5B9A446E}.Release|Any CPU.ActiveCfg = Release|Any CPU
		{5958CC19-D04F-4E6A-9E5B-66DC5B9A446E}.Release|Any CPU.Build.0 = Release|Any CPU
		{403A1523-9DCA-4FC0-B5D3-C241EBD8004A}.Debug|Any CPU.ActiveCfg = Debug|Any CPU
		{403A1523-9DCA-4FC0-B5D3-C241EBD8004A}.Debug|Any CPU.Build.0 = Debug|Any CPU
		{403A1523-9DCA-4FC0-B5D3-C241EBD8004A}.Release|Any CPU.ActiveCfg = Release|Any CPU
		{403A1523-9DCA-4FC0-B5D3-C241EBD8004A}.Release|Any CPU.Build.0 = Release|Any CPU
		{15F77DBD-1C5B-4BFB-9FE4-DA244FA775FC}.Debug|Any CPU.ActiveCfg = Debug|Any CPU
		{15F77DBD-1C5B-4BFB-9FE4-DA244FA775FC}.Debug|Any CPU.Build.0 = Debug|Any CPU
		{15F77DBD-1C5B-4BFB-9FE4-DA244FA775FC}.Release|Any CPU.ActiveCfg = Release|Any CPU
		{15F77DBD-1C5B-4BFB-9FE4-DA244FA775FC}.Release|Any CPU.Build.0 = Release|Any CPU
		{117BCE9B-8093-4CC5-9C46-27AAA793EB0D}.Debug|Any CPU.ActiveCfg = Debug|Any CPU
		{117BCE9B-8093-4CC5-9C46-27AAA793EB0D}.Debug|Any CPU.Build.0 = Debug|Any CPU
		{117BCE9B-8093-4CC5-9C46-27AAA793EB0D}.Release|Any CPU.ActiveCfg = Release|Any CPU
		{117BCE9B-8093-4CC5-9C46-27AAA793EB0D}.Release|Any CPU.Build.0 = Release|Any CPU
		{33226A75-21B4-4D28-9BA1-65DFC91A2C43}.Debug|Any CPU.ActiveCfg = Debug|Any CPU
		{33226A75-21B4-4D28-9BA1-65DFC91A2C43}.Debug|Any CPU.Build.0 = Debug|Any CPU
		{33226A75-21B4-4D28-9BA1-65DFC91A2C43}.Release|Any CPU.ActiveCfg = Release|Any CPU
		{33226A75-21B4-4D28-9BA1-65DFC91A2C43}.Release|Any CPU.Build.0 = Release|Any CPU
	EndGlobalSection
	GlobalSection(SolutionProperties) = preSolution
		HideSolutionNode = FALSE
	EndGlobalSection
	GlobalSection(NestedProjects) = preSolution
		{198640D2-39BD-4D68-8AF7-1C392B2FECD7} = {BCF5B4FF-E73F-497D-8945-82D4D8869CB3}
		{EABC3A7C-A90C-4A43-BE37-536AB0A1798F} = {BCF5B4FF-E73F-497D-8945-82D4D8869CB3}
		{F39CD69D-F042-4727-91E1-42BE7E86F324} = {C19AAEC2-F30F-42C9-8A94-56C68097D459}
		{EFC7F3AB-962A-42C3-A1A8-CB6C6506DA96} = {317EFB3D-856F-4ED8-BC99-02F0D58FDBEF}
		{169EE781-A4CF-46C4-94B9-216F7F59FC2F} = {317EFB3D-856F-4ED8-BC99-02F0D58FDBEF}
		{735F34B3-B126-42FC-A224-2D902ED53D4D} = {02EA681E-C7D8-13C7-8484-4AC65E1B71E8}
		{C9699691-F5B9-4ED6-9119-3C46EBE2664F} = {02EA681E-C7D8-13C7-8484-4AC65E1B71E8}
		{C37704B5-7787-4506-8F56-51144F2F0682} = {02EA681E-C7D8-13C7-8484-4AC65E1B71E8}
		{5958CC19-D04F-4E6A-9E5B-66DC5B9A446E} = {02EA681E-C7D8-13C7-8484-4AC65E1B71E8}
		{403A1523-9DCA-4FC0-B5D3-C241EBD8004A} = {02EA681E-C7D8-13C7-8484-4AC65E1B71E8}
		{15F77DBD-1C5B-4BFB-9FE4-DA244FA775FC} = {C19AAEC2-F30F-42C9-8A94-56C68097D459}
	EndGlobalSection
	GlobalSection(ExtensibilityGlobals) = postSolution
		SolutionGuid = {9809179B-A465-4527-8219-7BE38D81F592}
	EndGlobalSection
EndGlobal
